
Microsoft Visual Studio Solution File, Format Version 12.00
# Visual Studio Version 16
VisualStudioVersion = 16.0.31702.278
MinimumVisualStudioVersion = 10.0.40219.1
Project("{FAE04EC0-301F-11D3-BF4B-00C04F79EFBC}") = "ProjetoMercadoMVC", "ProjetoMercadoMVC\ProjetoMercadoMVC.csproj", "{75B14973-79C0-40A6-B449-CB476ED6BF2C}"
EndProject
Global
	GlobalSection(SolutionConfigurationPlatforms) = preSolution
		Debug|Any CPU = Debug|Any CPU
		Release|Any CPU = Release|Any CPU
	EndGlobalSection
	GlobalSection(ProjectConfigurationPlatforms) = postSolution
		{75B14973-79C0-40A6-B449-CB476ED6BF2C}.Debug|Any CPU.ActiveCfg = Debug|Any CPU
		{75B14973-79C0-40A6-B449-CB476ED6BF2C}.Debug|Any CPU.Build.0 = Debug|Any CPU
		{75B14973-79C0-40A6-B449-CB476ED6BF2C}.Release|Any CPU.ActiveCfg = Release|Any CPU
		{75B14973-79C0-40A6-B449-CB476ED6BF2C}.Release|Any CPU.Build.0 = Release|Any CPU
	EndGlobalSection
	GlobalSection(SolutionProperties) = preSolution
		HideSolutionNode = FALSE
	EndGlobalSection
	GlobalSection(ExtensibilityGlobals) = postSolution
		SolutionGuid = {563D2342-5422-4C59-B695-81FFE743D25C}
	EndGlobalSection
EndGlobal
