
Microsoft Visual Studio Solution File, Format Version 12.00
# Visual Studio Version 16
VisualStudioVersion = 16.0.31702.278
MinimumVisualStudioVersion = 10.0.40219.1
Project("{FAE04EC0-301F-11D3-BF4B-00C04F79EFBC}") = "TesteMVC", "TesteMVC\TesteMVC.csproj", "{DBCC781E-A473-432C-B719-4D4ABFC7292A}"
EndProject
Global
	GlobalSection(SolutionConfigurationPlatforms) = preSolution
		Debug|Any CPU = Debug|Any CPU
		Release|Any CPU = Release|Any CPU
	EndGlobalSection
	GlobalSection(ProjectConfigurationPlatforms) = postSolution
		{DBCC781E-A473-432C-B719-4D4ABFC7292A}.Debug|Any CPU.ActiveCfg = Debug|Any CPU
		{DBCC781E-A473-432C-B719-4D4ABFC7292A}.Debug|Any CPU.Build.0 = Debug|Any CPU
		{DBCC781E-A473-432C-B719-4D4ABFC7292A}.Release|Any CPU.ActiveCfg = Release|Any CPU
		{DBCC781E-A473-432C-B719-4D4ABFC7292A}.Release|Any CPU.Build.0 = Release|Any CPU
	EndGlobalSection
	GlobalSection(SolutionProperties) = preSolution
		HideSolutionNode = FALSE
	EndGlobalSection
	GlobalSection(ExtensibilityGlobals) = postSolution
		SolutionGuid = {606D8638-43EB-4702-A1B3-3703A71E7BA1}
	EndGlobalSection
EndGlobal
