
Microsoft Visual Studio Solution File, Format Version 12.00
# Visual Studio Version 16
VisualStudioVersion = 16.0.31515.178
MinimumVisualStudioVersion = 10.0.40219.1
Project("{FAE04EC0-301F-11D3-BF4B-00C04F79EFBC}") = "EscritorDeArquivo", "EscritorDeArquivo\EscritorDeArquivo.csproj", "{5D740FA1-E327-44C9-B58A-FDF2F1E0FCC5}"
EndProject
Global
	GlobalSection(SolutionConfigurationPlatforms) = preSolution
		Debug|Any CPU = Debug|Any CPU
		Release|Any CPU = Release|Any CPU
	EndGlobalSection
	GlobalSection(ProjectConfigurationPlatforms) = postSolution
		{5D740FA1-E327-44C9-B58A-FDF2F1E0FCC5}.Debug|Any CPU.ActiveCfg = Debug|Any CPU
		{5D740FA1-E327-44C9-B58A-FDF2F1E0FCC5}.Debug|Any CPU.Build.0 = Debug|Any CPU
		{5D740FA1-E327-44C9-B58A-FDF2F1E0FCC5}.Release|Any CPU.ActiveCfg = Release|Any CPU
		{5D740FA1-E327-44C9-B58A-FDF2F1E0FCC5}.Release|Any CPU.Build.0 = Release|Any CPU
	EndGlobalSection
	GlobalSection(SolutionProperties) = preSolution
		HideSolutionNode = FALSE
	EndGlobalSection
	GlobalSection(ExtensibilityGlobals) = postSolution
		SolutionGuid = {2ABA8641-8AEE-4C01-A6CE-65916FE7B0C2}
	EndGlobalSection
EndGlobal
