
Microsoft Visual Studio Solution File, Format Version 12.00
# Visual Studio Version 16
VisualStudioVersion = 16.0.31702.278
MinimumVisualStudioVersion = 10.0.40219.1
Project("{FAE04EC0-301F-11D3-BF4B-00C04F79EFBC}") = "ConsoleApp1", "ConsoleApp1\ConsoleApp1.csproj", "{2356D213-6BAD-487A-BCE0-C6137603B897}"
EndProject
Global
	GlobalSection(SolutionConfigurationPlatforms) = preSolution
		Debug|Any CPU = Debug|Any CPU
		Release|Any CPU = Release|Any CPU
	EndGlobalSection
	GlobalSection(ProjectConfigurationPlatforms) = postSolution
		{2356D213-6BAD-487A-BCE0-C6137603B897}.Debug|Any CPU.ActiveCfg = Debug|Any CPU
		{2356D213-6BAD-487A-BCE0-C6137603B897}.Debug|Any CPU.Build.0 = Debug|Any CPU
		{2356D213-6BAD-487A-BCE0-C6137603B897}.Release|Any CPU.ActiveCfg = Release|Any CPU
		{2356D213-6BAD-487A-BCE0-C6137603B897}.Release|Any CPU.Build.0 = Release|Any CPU
	EndGlobalSection
	GlobalSection(SolutionProperties) = preSolution
		HideSolutionNode = FALSE
	EndGlobalSection
	GlobalSection(ExtensibilityGlobals) = postSolution
		SolutionGuid = {3A52F52E-EA21-401F-8FE8-9C6C6E4CA033}
	EndGlobalSection
EndGlobal
