
Microsoft Visual Studio Solution File, Format Version 12.00
# Visual Studio Version 16
VisualStudioVersion = 16.0.31515.178
MinimumVisualStudioVersion = 10.0.40219.1
Project("{FAE04EC0-301F-11D3-BF4B-00C04F79EFBC}") = "LeitorDeCsv", "LeitorDeCsv\LeitorDeCsv.csproj", "{629B0789-D447-4AE5-9297-065C76F69A72}"
EndProject
Global
	GlobalSection(SolutionConfigurationPlatforms) = preSolution
		Debug|Any CPU = Debug|Any CPU
		Release|Any CPU = Release|Any CPU
	EndGlobalSection
	GlobalSection(ProjectConfigurationPlatforms) = postSolution
		{629B0789-D447-4AE5-9297-065C76F69A72}.Debug|Any CPU.ActiveCfg = Debug|Any CPU
		{629B0789-D447-4AE5-9297-065C76F69A72}.Debug|Any CPU.Build.0 = Debug|Any CPU
		{629B0789-D447-4AE5-9297-065C76F69A72}.Release|Any CPU.ActiveCfg = Release|Any CPU
		{629B0789-D447-4AE5-9297-065C76F69A72}.Release|Any CPU.Build.0 = Release|Any CPU
	EndGlobalSection
	GlobalSection(SolutionProperties) = preSolution
		HideSolutionNode = FALSE
	EndGlobalSection
	GlobalSection(ExtensibilityGlobals) = postSolution
		SolutionGuid = {B83E7B0B-F624-4F7C-B35D-665E9D41862B}
	EndGlobalSection
EndGlobal
